
Microsoft Visual Studio Solution File, Format Version 12.00
# Visual Studio 15
VisualStudioVersion = 15.0.28307.779
MinimumVisualStudioVersion = 10.0.40219.1
Project("{8BC9CEB8-8B4A-11D0-8D11-00A0C91BC942}") = "计数排序", "计数排序\计数排序.vcxproj", "{52060DB0-E70B-4C5A-BC3F-329C0529A720}"
EndProject
Global
	GlobalSection(SolutionConfigurationPlatforms) = preSolution
		Debug|x64 = Debug|x64
		Debug|x86 = Debug|x86
		Release|x64 = Release|x64
		Release|x86 = Release|x86
	EndGlobalSection
	GlobalSection(ProjectConfigurationPlatforms) = postSolution
		{52060DB0-E70B-4C5A-BC3F-329C0529A720}.Debug|x64.ActiveCfg = Debug|x64
		{52060DB0-E70B-4C5A-BC3F-329C0529A720}.Debug|x64.Build.0 = Debug|x64
		{52060DB0-E70B-4C5A-BC3F-329C0529A720}.Debug|x86.ActiveCfg = Debug|Win32
		{52060DB0-E70B-4C5A-BC3F-329C0529A720}.Debug|x86.Build.0 = Debug|Win32
		{52060DB0-E70B-4C5A-BC3F-329C0529A720}.Release|x64.ActiveCfg = Release|x64
		{52060DB0-E70B-4C5A-BC3F-329C0529A720}.Release|x64.Build.0 = Release|x64
		{52060DB0-E70B-4C5A-BC3F-329C0529A720}.Release|x86.ActiveCfg = Release|Win32
		{52060DB0-E70B-4C5A-BC3F-329C0529A720}.Release|x86.Build.0 = Release|Win32
	EndGlobalSection
	GlobalSection(SolutionProperties) = preSolution
		HideSolutionNode = FALSE
	EndGlobalSection
	GlobalSection(ExtensibilityGlobals) = postSolution
		SolutionGuid = {6B4E35AC-6079-4A22-AA52-D0C3752D2739}
	EndGlobalSection
EndGlobal
